
Microsoft Visual Studio Solution File, Format Version 12.00
# Visual Studio Version 17
VisualStudioVersion = 17.5.33516.290
MinimumVisualStudioVersion = 10.0.40219.1
Project("{2150E333-8FDC-42A3-9474-1A3956D46DE8}") = "0Core", "0Core", "{41F1351F-5C80-4CE9-A5D7-05B4211CCE85}"
EndProject
Project("{2150E333-8FDC-42A3-9474-1A3956D46DE8}") = "1Infrastructure", "1Infrastructure", "{D15DDF24-E509-4CDF-B3E4-6988296FA99A}"
EndProject
Project("{9A19103F-16F7-4668-BE54-9A1E7A4F7556}") = "DDD.0DomainModels", "Core\DDD.DomainModels\DDD.0DomainModels.csproj", "{7C402EB3-C965-4024-B3BC-14E2F2416BBB}"
EndProject
Project("{9A19103F-16F7-4668-BE54-9A1E7A4F7556}") = "DDD.1Contracts", "Core\DDD.Contracts\DDD.1Contracts.csproj", "{16250F46-B365-46B8-B65F-61AB78BD7B7C}"
EndProject
Project("{9A19103F-16F7-4668-BE54-9A1E7A4F7556}") = "DDD.2DomainServices", "Core\DDD.DomainServices\DDD.2DomainServices.csproj", "{A912A9CA-7055-49B9-B976-65DF5E17B4E5}"
EndProject
Project("{9A19103F-16F7-4668-BE54-9A1E7A4F7556}") = "DDD.3ApplicationServices", "Core\DDD.ApplicationServices\DDD.3ApplicationServices.csproj", "{29B41DB7-EC23-4537-946D-BA5A679895F2}"
EndProject
Project("{2150E333-8FDC-42A3-9474-1A3956D46DE8}") = "DB", "DB", "{8B8CD627-00C8-41C1-A038-9A719AEEDDF8}"
EndProject
Project("{2150E333-8FDC-42A3-9474-1A3956D46DE8}") = "WebServices", "WebServices", "{44C32087-E3A4-4C09-A9E9-301B43BDDEB9}"
EndProject
Project("{2150E333-8FDC-42A3-9474-1A3956D46DE8}") = "IOCs", "IOCs", "{38E647A7-C9BF-469B-AA96-FA2AE2DD443C}"
EndProject
Project("{2150E333-8FDC-42A3-9474-1A3956D46DE8}") = "2EndPoints", "2EndPoints", "{787E006D-55C7-4171-BE6D-6D9ADD8276C5}"
EndProject
Project("{9A19103F-16F7-4668-BE54-9A1E7A4F7556}") = "DDD.WebApi", "EndPoints\DDD.WebApi\DDD.WebApi.csproj", "{C9447C12-E92F-431A-9906-47FBBA4E8DFB}"
EndProject
Project("{9A19103F-16F7-4668-BE54-9A1E7A4F7556}") = "DDD.Infrastructure.DB.SqlServer", "Infrastructure\DB\DDD.Infrastructure.DB.SqlServer\DDD.Infrastructure.DB.SqlServer.csproj", "{0DB34194-3D63-4912-BDC2-78519FF8FF81}"
EndProject
Project("{2150E333-8FDC-42A3-9474-1A3956D46DE8}") = "Bootstrappers", "Bootstrappers", "{907E2619-A5A7-4A50-BCCE-8E53E868CA16}"
EndProject
Project("{2150E333-8FDC-42A3-9474-1A3956D46DE8}") = "Framework", "Framework", "{F1ADE5C1-DDD9-48CD-8534-FC3CA67E2DE1}"
EndProject
Project("{FAE04EC0-301F-11D3-BF4B-00C04F79EFBC}") = "DDD.Framework.Domain", "Framework\DDD.Framework.Domain\DDD.Framework.Domain.csproj", "{194F0365-A4E2-4893-B3E2-9A4E67F27248}"
EndProject
Global
	GlobalSection(SolutionConfigurationPlatforms) = preSolution
		Debug|Any CPU = Debug|Any CPU
		Release|Any CPU = Release|Any CPU
	EndGlobalSection
	GlobalSection(ProjectConfigurationPlatforms) = postSolution
		{7C402EB3-C965-4024-B3BC-14E2F2416BBB}.Debug|Any CPU.ActiveCfg = Debug|Any CPU
		{7C402EB3-C965-4024-B3BC-14E2F2416BBB}.Debug|Any CPU.Build.0 = Debug|Any CPU
		{7C402EB3-C965-4024-B3BC-14E2F2416BBB}.Release|Any CPU.ActiveCfg = Release|Any CPU
		{7C402EB3-C965-4024-B3BC-14E2F2416BBB}.Release|Any CPU.Build.0 = Release|Any CPU
		{16250F46-B365-46B8-B65F-61AB78BD7B7C}.Debug|Any CPU.ActiveCfg = Debug|Any CPU
		{16250F46-B365-46B8-B65F-61AB78BD7B7C}.Debug|Any CPU.Build.0 = Debug|Any CPU
		{16250F46-B365-46B8-B65F-61AB78BD7B7C}.Release|Any CPU.ActiveCfg = Release|Any CPU
		{16250F46-B365-46B8-B65F-61AB78BD7B7C}.Release|Any CPU.Build.0 = Release|Any CPU
		{A912A9CA-7055-49B9-B976-65DF5E17B4E5}.Debug|Any CPU.ActiveCfg = Debug|Any CPU
		{A912A9CA-7055-49B9-B976-65DF5E17B4E5}.Debug|Any CPU.Build.0 = Debug|Any CPU
		{A912A9CA-7055-49B9-B976-65DF5E17B4E5}.Release|Any CPU.ActiveCfg = Release|Any CPU
		{A912A9CA-7055-49B9-B976-65DF5E17B4E5}.Release|Any CPU.Build.0 = Release|Any CPU
		{29B41DB7-EC23-4537-946D-BA5A679895F2}.Debug|Any CPU.ActiveCfg = Debug|Any CPU
		{29B41DB7-EC23-4537-946D-BA5A679895F2}.Debug|Any CPU.Build.0 = Debug|Any CPU
		{29B41DB7-EC23-4537-946D-BA5A679895F2}.Release|Any CPU.ActiveCfg = Release|Any CPU
		{29B41DB7-EC23-4537-946D-BA5A679895F2}.Release|Any CPU.Build.0 = Release|Any CPU
		{C9447C12-E92F-431A-9906-47FBBA4E8DFB}.Debug|Any CPU.ActiveCfg = Debug|Any CPU
		{C9447C12-E92F-431A-9906-47FBBA4E8DFB}.Debug|Any CPU.Build.0 = Debug|Any CPU
		{C9447C12-E92F-431A-9906-47FBBA4E8DFB}.Release|Any CPU.ActiveCfg = Release|Any CPU
		{C9447C12-E92F-431A-9906-47FBBA4E8DFB}.Release|Any CPU.Build.0 = Release|Any CPU
		{0DB34194-3D63-4912-BDC2-78519FF8FF81}.Debug|Any CPU.ActiveCfg = Debug|Any CPU
		{0DB34194-3D63-4912-BDC2-78519FF8FF81}.Debug|Any CPU.Build.0 = Debug|Any CPU
		{0DB34194-3D63-4912-BDC2-78519FF8FF81}.Release|Any CPU.ActiveCfg = Release|Any CPU
		{0DB34194-3D63-4912-BDC2-78519FF8FF81}.Release|Any CPU.Build.0 = Release|Any CPU
		{194F0365-A4E2-4893-B3E2-9A4E67F27248}.Debug|Any CPU.ActiveCfg = Debug|Any CPU
		{194F0365-A4E2-4893-B3E2-9A4E67F27248}.Debug|Any CPU.Build.0 = Debug|Any CPU
		{194F0365-A4E2-4893-B3E2-9A4E67F27248}.Release|Any CPU.ActiveCfg = Release|Any CPU
		{194F0365-A4E2-4893-B3E2-9A4E67F27248}.Release|Any CPU.Build.0 = Release|Any CPU
	EndGlobalSection
	GlobalSection(SolutionProperties) = preSolution
		HideSolutionNode = FALSE
	EndGlobalSection
	GlobalSection(NestedProjects) = preSolution
		{7C402EB3-C965-4024-B3BC-14E2F2416BBB} = {41F1351F-5C80-4CE9-A5D7-05B4211CCE85}
		{16250F46-B365-46B8-B65F-61AB78BD7B7C} = {41F1351F-5C80-4CE9-A5D7-05B4211CCE85}
		{A912A9CA-7055-49B9-B976-65DF5E17B4E5} = {41F1351F-5C80-4CE9-A5D7-05B4211CCE85}
		{29B41DB7-EC23-4537-946D-BA5A679895F2} = {41F1351F-5C80-4CE9-A5D7-05B4211CCE85}
		{8B8CD627-00C8-41C1-A038-9A719AEEDDF8} = {D15DDF24-E509-4CDF-B3E4-6988296FA99A}
		{44C32087-E3A4-4C09-A9E9-301B43BDDEB9} = {D15DDF24-E509-4CDF-B3E4-6988296FA99A}
		{38E647A7-C9BF-469B-AA96-FA2AE2DD443C} = {D15DDF24-E509-4CDF-B3E4-6988296FA99A}
		{C9447C12-E92F-431A-9906-47FBBA4E8DFB} = {787E006D-55C7-4171-BE6D-6D9ADD8276C5}
		{0DB34194-3D63-4912-BDC2-78519FF8FF81} = {8B8CD627-00C8-41C1-A038-9A719AEEDDF8}
		{907E2619-A5A7-4A50-BCCE-8E53E868CA16} = {D15DDF24-E509-4CDF-B3E4-6988296FA99A}
		{194F0365-A4E2-4893-B3E2-9A4E67F27248} = {F1ADE5C1-DDD9-48CD-8534-FC3CA67E2DE1}
	EndGlobalSection
	GlobalSection(ExtensibilityGlobals) = postSolution
		SolutionGuid = {FE74667B-5A7C-4646-B4F7-CA0953E18BB4}
	EndGlobalSection
EndGlobal
